// !$*UTF8*$!
{
	archiveVersion = 1;
	classes = {
	};
	objectVersion = 50;
	objects = {

/* Begin PBXBuildFile section */
		2655CFD4253CCA8F0057DDCC /* AppDelegate.swift in Sources */ = {isa = PBXBuildFile; fileRef = 2655CFD3253CCA8F0057DDCC /* AppDelegate.swift */; };
		2655CFD6253CCA8F0057DDCC /* SceneDelegate.swift in Sources */ = {isa = PBXBuildFile; fileRef = 2655CFD5253CCA8F0057DDCC /* SceneDelegate.swift */; };
		2655CFD8253CCA8F0057DDCC /* RestaurantReviewsViewController.swift in Sources */ = {isa = PBXBuildFile; fileRef = 2655CFD7253CCA8F0057DDCC /* RestaurantReviewsViewController.swift */; };
		2655CFDD253CCA910057DDCC /* Assets.xcassets in Resources */ = {isa = PBXBuildFile; fileRef = 2655CFDC253CCA910057DDCC /* Assets.xcassets */; };
		2655CFE0253CCA910057DDCC /* LaunchScreen.storyboard in Resources */ = {isa = PBXBuildFile; fileRef = 2655CFDE253CCA910057DDCC /* LaunchScreen.storyboard */; };
		2655CFF0253CFD630057DDCC /* RestaurantReviewCell.swift in Sources */ = {isa = PBXBuildFile; fileRef = 2655CFEF253CFD630057DDCC /* RestaurantReviewCell.swift */; };
		2655CFF6253D00B00057DDCC /* RestaurantImageViewBackground.swift in Sources */ = {isa = PBXBuildFile; fileRef = 2655CFF5253D00B00057DDCC /* RestaurantImageViewBackground.swift */; };
/* End PBXBuildFile section */

/* Begin PBXFileReference section */
		2655CFD0253CCA8F0057DDCC /* blog-uitableview-with-spacing.app */ = {isa = PBXFileReference; explicitFileType = wrapper.application; includeInIndex = 0; path = "blog-uitableview-with-spacing.app"; sourceTree = BUILT_PRODUCTS_DIR; };
		2655CFD3253CCA8F0057DDCC /* AppDelegate.swift */ = {isa = PBXFileReference; lastKnownFileType = sourcecode.swift; path = AppDelegate.swift; sourceTree = "<group>"; };
		2655CFD5253CCA8F0057DDCC /* SceneDelegate.swift */ = {isa = PBXFileReference; lastKnownFileType = sourcecode.swift; path = SceneDelegate.swift; sourceTree = "<group>"; };
		2655CFD7253CCA8F0057DDCC /* RestaurantReviewsViewController.swift */ = {isa = PBXFileReference; lastKnownFileType = sourcecode.swift; path = RestaurantReviewsViewController.swift; sourceTree = "<group>"; };
		2655CFDC253CCA910057DDCC /* Assets.xcassets */ = {isa = PBXFileReference; lastKnownFileType = folder.assetcatalog; path = Assets.xcassets; sourceTree = "<group>"; };
		2655CFDF253CCA910057DDCC /* Base */ = {isa = PBXFileReference; lastKnownFileType = file.storyboard; name = Base; path = Base.lproj/LaunchScreen.storyboard; sourceTree = "<group>"; };
		2655CFE1253CCA910057DDCC /* Info.plist */ = {isa = PBXFileReference; lastKnownFileType = text.plist.xml; path = Info.plist; sourceTree = "<group>"; };
		2655CFEF253CFD630057DDCC /* RestaurantReviewCell.swift */ = {isa = PBXFileReference; lastKnownFileType = sourcecode.swift; path = RestaurantReviewCell.swift; sourceTree = "<group>"; };
		2655CFF5253D00B00057DDCC /* RestaurantImageViewBackground.swift */ = {isa = PBXFileReference; lastKnownFileType = sourcecode.swift; path = RestaurantImageViewBackground.swift; sourceTree = "<group>"; };
/* End PBXFileReference section */

/* Begin PBXFrameworksBuildPhase section */
		2655CFCD253CCA8F0057DDCC /* Frameworks */ = {
			isa = PBXFrameworksBuildPhase;
			buildActionMask = 2147483647;
			files = (
			);
			runOnlyForDeploymentPostprocessing = 0;
		};
/* End PBXFrameworksBuildPhase section */

/* Begin PBXGroup section */
		2655CFC7253CCA8F0057DDCC = {
			isa = PBXGroup;
			children = (
				2655CFD2253CCA8F0057DDCC /* blog-uitableview-with-spacing */,
				2655CFD1253CCA8F0057DDCC /* Products */,
			);
			sourceTree = "<group>";
		};
		2655CFD1253CCA8F0057DDCC /* Products */ = {
			isa = PBXGroup;
			children = (
				2655CFD0253CCA8F0057DDCC /* blog-uitableview-with-spacing.app */,
			);
			name = Products;
			sourceTree = "<group>";
		};
		2655CFD2253CCA8F0057DDCC /* blog-uitableview-with-spacing */ = {
			isa = PBXGroup;
			children = (
				2655CFF3253D00610057DDCC /* Model */,
				2655CFF4253D00690057DDCC /* View */,
				2655CFF2253D005B0057DDCC /* Controller */,
				2655CFD3253CCA8F0057DDCC /* AppDelegate.swift */,
				2655CFD5253CCA8F0057DDCC /* SceneDelegate.swift */,
				2655CFDC253CCA910057DDCC /* Assets.xcassets */,
				2655CFDE253CCA910057DDCC /* LaunchScreen.storyboard */,
				2655CFE1253CCA910057DDCC /* Info.plist */,
			);
			path = "blog-uitableview-with-spacing";
			sourceTree = "<group>";
		};
		2655CFF2253D005B0057DDCC /* Controller */ = {
			isa = PBXGroup;
			children = (
				2655CFD7253CCA8F0057DDCC /* RestaurantReviewsViewController.swift */,
			);
			path = Controller;
			sourceTree = "<group>";
		};
		2655CFF3253D00610057DDCC /* Model */ = {
			isa = PBXGroup;
			children = (
			);
			path = Model;
			sourceTree = "<group>";
		};
		2655CFF4253D00690057DDCC /* View */ = {
			isa = PBXGroup;
			children = (
				2655CFEF253CFD630057DDCC /* RestaurantReviewCell.swift */,
				2655CFF5253D00B00057DDCC /* RestaurantImageViewBackground.swift */,
			);
			path = View;
			sourceTree = "<group>";
		};
/* End PBXGroup section */

/* Begin PBXNativeTarget section */
		2655CFCF253CCA8F0057DDCC /* blog-uitableview-with-spacing */ = {
			isa = PBXNativeTarget;
			buildConfigurationList = 2655CFE4253CCA910057DDCC /* Build configuration list for PBXNativeTarget "blog-uitableview-with-spacing" */;
			buildPhases = (
				2655CFCC253CCA8F0057DDCC /* Sources */,
				2655CFCD253CCA8F0057DDCC /* Frameworks */,
				2655CFCE253CCA8F0057DDCC /* Resources */,
			);
			buildRules = (
			);
			dependencies = (
			);
			name = "blog-uitableview-with-spacing";
			productName = "blog-uitableview-with-spacing";
			productReference = 2655CFD0253CCA8F0057DDCC /* blog-uitableview-with-spacing.app */;
			productType = "com.apple.product-type.application";
		};
/* End PBXNativeTarget section */

/* Begin PBXProject section */
		2655CFC8253CCA8F0057DDCC /* Project object */ = {
			isa = PBXProject;
			attributes = {
				LastSwiftUpdateCheck = 1220;
				LastUpgradeCheck = 1220;
				TargetAttributes = {
					2655CFCF253CCA8F0057DDCC = {
						CreatedOnToolsVersion = 12.2;
					};
				};
			};
			buildConfigurationList = 2655CFCB253CCA8F0057DDCC /* Build configuration list for PBXProject "blog-uitableview-with-spacing" */;
			compatibilityVersion = "Xcode 9.3";
			developmentRegion = en;
			hasScannedForEncodings = 0;
			knownRegions = (
				en,
				Base,
			);
			mainGroup = 2655CFC7253CCA8F0057DDCC;
			productRefGroup = 2655CFD1253CCA8F0057DDCC /* Products */;
			projectDirPath = "";
			projectRoot = "";
			targets = (
				2655CFCF253CCA8F0057DDCC /* blog-uitableview-with-spacing */,
			);
		};
/* End PBXProject section */

/* Begin PBXResourcesBuildPhase section */
		2655CFCE253CCA8F0057DDCC /* Resources */ = {
			isa = PBXResourcesBuildPhase;
			buildActionMask = 2147483647;
			files = (
				2655CFE0253CCA910057DDCC /* LaunchScreen.storyboard in Resources */,
				2655CFDD253CCA910057DDCC /* Assets.xcassets in Resources */,
			);
			runOnlyForDeploymentPostprocessing = 0;
		};
/* End PBXResourcesBuildPhase section */

/* Begin PBXSourcesBuildPhase section */
		2655CFCC253CCA8F0057DDCC /* Sources */ = {
			isa = PBXSourcesBuildPhase;
			buildActionMask = 2147483647;
			files = (
				2655CFF6253D00B00057DDCC /* RestaurantImageViewBackground.swift in Sources */,
				2655CFF0253CFD630057DDCC /* RestaurantReviewCell.swift in Sources */,
				2655CFD8253CCA8F0057DDCC /* RestaurantReviewsViewController.swift in Sources */,
				2655CFD4253CCA8F0057DDCC /* AppDelegate.swift in Sources */,
				2655CFD6253CCA8F0057DDCC /* SceneDelegate.swift in Sources */,
			);
			runOnlyForDeploymentPostprocessing = 0;
		};
/* End PBXSourcesBuildPhase section */

/* Begin PBXVariantGroup section */
		2655CFDE253CCA910057DDCC /* LaunchScreen.storyboard */ = {
			isa = PBXVariantGroup;
			children = (
				2655CFDF253CCA910057DDCC /* Base */,
			);
			name = LaunchScreen.storyboard;
			sourceTree = "<group>";
		};
/* End PBXVariantGroup section */

/* Begin XCBuildConfiguration section */
		2655CFE2253CCA910057DDCC /* Debug */ = {
			isa = XCBuildConfiguration;
			buildSettings = {
				ALWAYS_SEARCH_USER_PATHS = NO;
				CLANG_ANALYZER_NONNULL = YES;
				CLANG_ANALYZER_NUMBER_OBJECT_CONVERSION = YES_AGGRESSIVE;
				CLANG_CXX_LANGUAGE_STANDARD = "gnu++14";
				CLANG_CXX_LIBRARY = "libc++";
				CLANG_ENABLE_MODULES = YES;
				CLANG_ENABLE_OBJC_ARC = YES;
				CLANG_ENABLE_OBJC_WEAK = YES;
				CLANG_WARN_BLOCK_CAPTURE_AUTORELEASING = YES;
				CLANG_WARN_BOOL_CONVERSION = YES;
				CLANG_WARN_COMMA = YES;
				CLANG_WARN_CONSTANT_CONVERSION = YES;
				CLANG_WARN_DEPRECATED_OBJC_IMPLEMENTATIONS = YES;
				CLANG_WARN_DIRECT_OBJC_ISA_USAGE = YES_ERROR;
				CLANG_WARN_DOCUMENTATION_COMMENTS = YES;
				CLANG_WARN_EMPTY_BODY = YES;
				CLANG_WARN_ENUM_CONVERSION = YES;
				CLANG_WARN_INFINITE_RECURSION = YES;
				CLANG_WARN_INT_CONVERSION = YES;
				CLANG_WARN_NON_LITERAL_NULL_CONVERSION = YES;
				CLANG_WARN_OBJC_IMPLICIT_RETAIN_SELF = YES;
				CLANG_WARN_OBJC_LITERAL_CONVERSION = YES;
				CLANG_WARN_OBJC_ROOT_CLASS = YES_ERROR;
				CLANG_WARN_QUOTED_INCLUDE_IN_FRAMEWORK_HEADER = YES;
				CLANG_WARN_RANGE_LOOP_ANALYSIS = YES;
				CLANG_WARN_STRICT_PROTOTYPES = YES;
				CLANG_WARN_SUSPICIOUS_MOVE = YES;
				CLANG_WARN_UNGUARDED_AVAILABILITY = YES_AGGRESSIVE;
				CLANG_WARN_UNREACHABLE_CODE = YES;
				CLANG_WARN__DUPLICATE_METHOD_MATCH = YES;
				COPY_PHASE_STRIP = NO;
				DEBUG_INFORMATION_FORMAT = dwarf;
				ENABLE_STRICT_OBJC_MSGSEND = YES;
				ENABLE_TESTABILITY = YES;
				GCC_C_LANGUAGE_STANDARD = gnu11;
				GCC_DYNAMIC_NO_PIC = NO;
				GCC_NO_COMMON_BLOCKS = YES;
				GCC_OPTIMIZATION_LEVEL = 0;
				GCC_PREPROCESSOR_DEFINITIONS = (
					"DEBUG=1",
					"$(inherited)",
				);
				GCC_WARN_64_TO_32_BIT_CONVERSION = YES;
				GCC_WARN_ABOUT_RETURN_TYPE = YES_ERROR;
				GCC_WARN_UNDECLARED_SELECTOR = YES;
				GCC_WARN_UNINITIALIZED_AUTOS = YES_AGGRESSIVE;
				GCC_WARN_UNUSED_FUNCTION = YES;
				GCC_WARN_UNUSED_VARIABLE = YES;
				IPHONEOS_DEPLOYMENT_TARGET = 14.2;
				MTL_ENABLE_DEBUG_INFO = INCLUDE_SOURCE;
				MTL_FAST_MATH = YES;
				ONLY_ACTIVE_ARCH = YES;
				SDKROOT = iphoneos;
				SWIFT_ACTIVE_COMPILATION_CONDITIONS = DEBUG;
				SWIFT_OPTIMIZATION_LEVEL = "-Onone";
			};
			name = Debug;
		};
		2655CFE3253CCA910057DDCC /* Release */ = {
			isa = XCBuildConfiguration;
			buildSettings = {
				ALWAYS_SEARCH_USER_PATHS = NO;
				CLANG_ANALYZER_NONNULL = YES;
				CLANG_ANALYZER_NUMBER_OBJECT_CONVERSION = YES_AGGRESSIVE;
				CLANG_CXX_LANGUAGE_STANDARD = "gnu++14";
				CLANG_CXX_LIBRARY = "libc++";
				CLANG_ENABLE_MODULES = YES;
				CLANG_ENABLE_OBJC_ARC = YES;
				CLANG_ENABLE_OBJC_WEAK = YES;
				CLANG_WARN_BLOCK_CAPTURE_AUTORELEASING = YES;
				CLANG_WARN_BOOL_CONVERSION = YES;
				CLANG_WARN_COMMA = YES;
				CLANG_WARN_CONSTANT_CONVERSION = YES;
				CLANG_WARN_DEPRECATED_OBJC_IMPLEMENTATIONS = YES;
				CLANG_WARN_DIRECT_OBJC_ISA_USAGE = YES_ERROR;
				CLANG_WARN_DOCUMENTATION_COMMENTS = YES;
				CLANG_WARN_EMPTY_BODY = YES;
				CLANG_WARN_ENUM_CONVERSION = YES;
				CLANG_WARN_INFINITE_RECURSION = YES;
				CLANG_WARN_INT_CONVERSION = YES;
				CLANG_WARN_NON_LITERAL_NULL_CONVERSION = YES;
				CLANG_WARN_OBJC_IMPLICIT_RETAIN_SELF = YES;
				CLANG_WARN_OBJC_LITERAL_CONVERSION = YES;
				CLANG_WARN_OBJC_ROOT_CLASS = YES_ERROR;
				CLANG_WARN_QUOTED_INCLUDE_IN_FRAMEWORK_HEADER = YES;
				CLANG_WARN_RANGE_LOOP_ANALYSIS = YES;
				CLANG_WARN_STRICT_PROTOTYPES = YES;
				CLANG_WARN_SUSPICIOUS_MOVE = YES;
				CLANG_WARN_UNGUARDED_AVAILABILITY = YES_AGGRESSIVE;
				CLANG_WARN_UNREACHABLE_CODE = YES;
				CLANG_WARN__DUPLICATE_METHOD_MATCH = YES;
				COPY_PHASE_STRIP = NO;
				DEBUG_INFORMATION_FORMAT = "dwarf-with-dsym";
				ENABLE_NS_ASSERTIONS = NO;
				ENABLE_STRICT_OBJC_MSGSEND = YES;
				GCC_C_LANGUAGE_STANDARD = gnu11;
				GCC_NO_COMMON_BLOCKS = YES;
				GCC_WARN_64_TO_32_BIT_CONVERSION = YES;
				GCC_WARN_ABOUT_RETURN_TYPE = YES_ERROR;
				GCC_WARN_UNDECLARED_SELECTOR = YES;
				GCC_WARN_UNINITIALIZED_AUTOS = YES_AGGRESSIVE;
				GCC_WARN_UNUSED_FUNCTION = YES;
				GCC_WARN_UNUSED_VARIABLE = YES;
				IPHONEOS_DEPLOYMENT_TARGET = 14.2;
				MTL_ENABLE_DEBUG_INFO = NO;
				MTL_FAST_MATH = YES;
				SDKROOT = iphoneos;
				SWIFT_COMPILATION_MODE = wholemodule;
				SWIFT_OPTIMIZATION_LEVEL = "-O";
				VALIDATE_PRODUCT = YES;
			};
			name = Release;
		};
		2655CFE5253CCA910057DDCC /* Debug */ = {
			isa = XCBuildConfiguration;
			buildSettings = {
				ASSETCATALOG_COMPILER_APPICON_NAME = AppIcon;
				ASSETCATALOG_COMPILER_GLOBAL_ACCENT_COLOR_NAME = AccentColor;
				CODE_SIGN_STYLE = Automatic;
				DEVELOPMENT_TEAM = QCV468WDTL;
				INFOPLIST_FILE = "blog-uitableview-with-spacing/Info.plist";
				LD_RUNPATH_SEARCH_PATHS = (
					"$(inherited)",
					"@executable_path/Frameworks",
				);
				PRODUCT_BUNDLE_IDENTIFIER = "com.rustynailsoftware.blog-uitableview-with-spacing";
				PRODUCT_NAME = "$(TARGET_NAME)";
				SWIFT_VERSION = 5.0;
				TARGETED_DEVICE_FAMILY = "1,2";
			};
			name = Debug;
		};
		2655CFE6253CCA910057DDCC /* Release */ = {
			isa = XCBuildConfiguration;
			buildSettings = {
				ASSETCATALOG_COMPILER_APPICON_NAME = AppIcon;
				ASSETCATALOG_COMPILER_GLOBAL_ACCENT_COLOR_NAME = AccentColor;
				CODE_SIGN_STYLE = Automatic;
				DEVELOPMENT_TEAM = QCV468WDTL;
				INFOPLIST_FILE = "blog-uitableview-with-spacing/Info.plist";
				LD_RUNPATH_SEARCH_PATHS = (
					"$(inherited)",
					"@executable_path/Frameworks",
				);
				PRODUCT_BUNDLE_IDENTIFIER = "com.rustynailsoftware.blog-uitableview-with-spacing";
				PRODUCT_NAME = "$(TARGET_NAME)";
				SWIFT_VERSION = 5.0;
				TARGETED_DEVICE_FAMILY = "1,2";
			};
			name = Release;
		};
/* End XCBuildConfiguration section */

/* Begin XCConfigurationList section */
		2655CFCB253CCA8F0057DDCC /* Build configuration list for PBXProject "blog-uitableview-with-spacing" */ = {
			isa = XCConfigurationList;
			buildConfigurations = (
				2655CFE2253CCA910057DDCC /* Debug */,
				2655CFE3253CCA910057DDCC /* Release */,
			);
			defaultConfigurationIsVisible = 0;
			defaultConfigurationName = Release;
		};
		2655CFE4253CCA910057DDCC /* Build configuration list for PBXNativeTarget "blog-uitableview-with-spacing" */ = {
			isa = XCConfigurationList;
			buildConfigurations = (
				2655CFE5253CCA910057DDCC /* Debug */,
				2655CFE6253CCA910057DDCC /* Release */,
			);
			defaultConfigurationIsVisible = 0;
			defaultConfigurationName = Release;
		};
/* End XCConfigurationList section */
	};
	rootObject = 2655CFC8253CCA8F0057DDCC /* Project object */;
}
